
Microsoft Visual Studio Solution File, Format Version 12.00
# Visual Studio 15
VisualStudioVersion = 15.0.27428.2037
MinimumVisualStudioVersion = 10.0.40219.1
Project("{FAE04EC0-301F-11D3-BF4B-00C04F79EFBC}") = "BiWebApplication", "BiWebApplication\BiWebApplication.csproj", "{6EA13C02-EE9D-4699-8A13-77841C506758}"
EndProject
Global
	GlobalSection(SolutionConfigurationPlatforms) = preSolution
		Debug|Any CPU = Debug|Any CPU
		Release|Any CPU = Release|Any CPU
	EndGlobalSection
	GlobalSection(ProjectConfigurationPlatforms) = postSolution
		{6EA13C02-EE9D-4699-8A13-77841C506758}.Debug|Any CPU.ActiveCfg = Debug|Any CPU
		{6EA13C02-EE9D-4699-8A13-77841C506758}.Debug|Any CPU.Build.0 = Debug|Any CPU
		{6EA13C02-EE9D-4699-8A13-77841C506758}.Release|Any CPU.ActiveCfg = Release|Any CPU
		{6EA13C02-EE9D-4699-8A13-77841C506758}.Release|Any CPU.Build.0 = Release|Any CPU
	EndGlobalSection
	GlobalSection(SolutionProperties) = preSolution
		HideSolutionNode = FALSE
	EndGlobalSection
	GlobalSection(ExtensibilityGlobals) = postSolution
		SolutionGuid = {6E833AFB-BEAD-44DE-A9D1-93217B729CFA}
	EndGlobalSection
EndGlobal
